
Microsoft Visual Studio Solution File, Format Version 12.00
# Visual Studio Version 16
VisualStudioVersion = 16.0.29424.173
MinimumVisualStudioVersion = 10.0.40219.1
Project("{FAE04EC0-301F-11D3-BF4B-00C04F79EFBC}") = "AircraftFactoryBusinessLogic", "AircraftFactoryBusinessLogic\AircraftFactoryBusinessLogic.csproj", "{47E25470-E53F-4395-8A22-42EA660A8386}"
EndProject
Project("{FAE04EC0-301F-11D3-BF4B-00C04F79EFBC}") = "AircraftFactoryListImplement", "AircraftFactoryListImplement\AircraftFactoryListImplement.csproj", "{2BB8C3C8-B61B-4F01-8710-257169A73261}"
EndProject
Project("{FAE04EC0-301F-11D3-BF4B-00C04F79EFBC}") = "AircraftFactoryView", "AircraftFactoryView\AircraftFactoryView.csproj", "{8C229B44-C69C-4C74-A22D-8BD06575899F}"
EndProject
Project("{FAE04EC0-301F-11D3-BF4B-00C04F79EFBC}") = "AircraftFactoryFileImplement", "AircraftFactoryFileImplement\AircraftFactoryFileImplement.csproj", "{E7976101-3499-41E7-B7A4-8289465B2CCC}"
EndProject
Global
	GlobalSection(SolutionConfigurationPlatforms) = preSolution
		Debug|Any CPU = Debug|Any CPU
		Release|Any CPU = Release|Any CPU
	EndGlobalSection
	GlobalSection(ProjectConfigurationPlatforms) = postSolution
		{47E25470-E53F-4395-8A22-42EA660A8386}.Debug|Any CPU.ActiveCfg = Debug|Any CPU
		{47E25470-E53F-4395-8A22-42EA660A8386}.Debug|Any CPU.Build.0 = Debug|Any CPU
		{47E25470-E53F-4395-8A22-42EA660A8386}.Release|Any CPU.ActiveCfg = Release|Any CPU
		{47E25470-E53F-4395-8A22-42EA660A8386}.Release|Any CPU.Build.0 = Release|Any CPU
		{2BB8C3C8-B61B-4F01-8710-257169A73261}.Debug|Any CPU.ActiveCfg = Debug|Any CPU
		{2BB8C3C8-B61B-4F01-8710-257169A73261}.Debug|Any CPU.Build.0 = Debug|Any CPU
		{2BB8C3C8-B61B-4F01-8710-257169A73261}.Release|Any CPU.ActiveCfg = Release|Any CPU
		{2BB8C3C8-B61B-4F01-8710-257169A73261}.Release|Any CPU.Build.0 = Release|Any CPU
		{8C229B44-C69C-4C74-A22D-8BD06575899F}.Debug|Any CPU.ActiveCfg = Debug|Any CPU
		{8C229B44-C69C-4C74-A22D-8BD06575899F}.Debug|Any CPU.Build.0 = Debug|Any CPU
		{8C229B44-C69C-4C74-A22D-8BD06575899F}.Release|Any CPU.ActiveCfg = Release|Any CPU
		{8C229B44-C69C-4C74-A22D-8BD06575899F}.Release|Any CPU.Build.0 = Release|Any CPU
		{E7976101-3499-41E7-B7A4-8289465B2CCC}.Debug|Any CPU.ActiveCfg = Debug|Any CPU
		{E7976101-3499-41E7-B7A4-8289465B2CCC}.Debug|Any CPU.Build.0 = Debug|Any CPU
		{E7976101-3499-41E7-B7A4-8289465B2CCC}.Release|Any CPU.ActiveCfg = Release|Any CPU
		{E7976101-3499-41E7-B7A4-8289465B2CCC}.Release|Any CPU.Build.0 = Release|Any CPU
	EndGlobalSection
	GlobalSection(SolutionProperties) = preSolution
		HideSolutionNode = FALSE
	EndGlobalSection
	GlobalSection(ExtensibilityGlobals) = postSolution
		SolutionGuid = {88381060-3117-4E2C-A33A-BF267C8DA150}
	EndGlobalSection
EndGlobal
